
Microsoft Visual Studio Solution File, Format Version 12.00
# Visual Studio Version 16
VisualStudioVersion = 16.0.30001.183
MinimumVisualStudioVersion = 10.0.40219.1
Project("{9A19103F-16F7-4668-BE54-9A1E7A4F7556}") = "Api", "Api\Api.csproj", "{AE07B9DB-9D45-4A36-A5CD-AD1011019C21}"
EndProject
Project("{9A19103F-16F7-4668-BE54-9A1E7A4F7556}") = "UnitTests", "UnitTests\UnitTests.csproj", "{94F009EF-122A-4E49-8FD6-CB905DAC651B}"
EndProject
Project("{2150E333-8FDC-42A3-9474-1A3956D46DE8}") = "Solution Items", "Solution Items", "{77E9DC8E-3ABF-4624-8326-A6660BB02AAA}"
	ProjectSection(SolutionItems) = preProject
		.editorconfig = .editorconfig
		Directory.Build.props = Directory.Build.props
		.github\workflows\dotnetcore.yml = .github\workflows\dotnetcore.yml
	EndProjectSection
EndProject
Project("{9A19103F-16F7-4668-BE54-9A1E7A4F7556}") = "Features", "Features\Features.csproj", "{30AFC8F1-3411-4CED-9D44-48AD91338627}"
EndProject
Project("{FAE04EC0-301F-11D3-BF4B-00C04F79EFBC}") = "Core", "Core\Core.csproj", "{82DAE1EC-52F6-4CA6-BC32-8FFA8501DF4A}"
EndProject
Global
	GlobalSection(SolutionConfigurationPlatforms) = preSolution
		Debug|Any CPU = Debug|Any CPU
		Release|Any CPU = Release|Any CPU
	EndGlobalSection
	GlobalSection(ProjectConfigurationPlatforms) = postSolution
		{AE07B9DB-9D45-4A36-A5CD-AD1011019C21}.Debug|Any CPU.ActiveCfg = Debug|Any CPU
		{AE07B9DB-9D45-4A36-A5CD-AD1011019C21}.Debug|Any CPU.Build.0 = Debug|Any CPU
		{AE07B9DB-9D45-4A36-A5CD-AD1011019C21}.Release|Any CPU.ActiveCfg = Release|Any CPU
		{AE07B9DB-9D45-4A36-A5CD-AD1011019C21}.Release|Any CPU.Build.0 = Release|Any CPU
		{94F009EF-122A-4E49-8FD6-CB905DAC651B}.Debug|Any CPU.ActiveCfg = Debug|Any CPU
		{94F009EF-122A-4E49-8FD6-CB905DAC651B}.Debug|Any CPU.Build.0 = Debug|Any CPU
		{94F009EF-122A-4E49-8FD6-CB905DAC651B}.Release|Any CPU.ActiveCfg = Release|Any CPU
		{94F009EF-122A-4E49-8FD6-CB905DAC651B}.Release|Any CPU.Build.0 = Release|Any CPU
		{30AFC8F1-3411-4CED-9D44-48AD91338627}.Debug|Any CPU.ActiveCfg = Debug|Any CPU
		{30AFC8F1-3411-4CED-9D44-48AD91338627}.Debug|Any CPU.Build.0 = Debug|Any CPU
		{30AFC8F1-3411-4CED-9D44-48AD91338627}.Release|Any CPU.ActiveCfg = Release|Any CPU
		{30AFC8F1-3411-4CED-9D44-48AD91338627}.Release|Any CPU.Build.0 = Release|Any CPU
		{82DAE1EC-52F6-4CA6-BC32-8FFA8501DF4A}.Debug|Any CPU.ActiveCfg = Debug|Any CPU
		{82DAE1EC-52F6-4CA6-BC32-8FFA8501DF4A}.Debug|Any CPU.Build.0 = Debug|Any CPU
		{82DAE1EC-52F6-4CA6-BC32-8FFA8501DF4A}.Release|Any CPU.ActiveCfg = Release|Any CPU
		{82DAE1EC-52F6-4CA6-BC32-8FFA8501DF4A}.Release|Any CPU.Build.0 = Release|Any CPU
	EndGlobalSection
	GlobalSection(SolutionProperties) = preSolution
		HideSolutionNode = FALSE
	EndGlobalSection
	GlobalSection(ExtensibilityGlobals) = postSolution
		SolutionGuid = {B2A9677C-5841-46EF-89F8-25604B26431F}
	EndGlobalSection
EndGlobal
